<?xml version="1.0" encoding="utf-8"?>
<Project ToolsVersion="4.0" xmlns="http://schemas.microsoft.com/developer/msbuild/2003">
  <ItemGroup>
    <ClCompile Include="CTLib\Branch.cpp">
      <Filter>Source Code</Filter>
    </ClCompile>
    <ClCompile Include="CTLib\CTRGNio.cpp">
      <Filter>Source Code</Filter>
    </ClCompile>
    <ClCompile Include="CTLib\CT.cpp">
      <Filter>Source Code</Filter>
    </ClCompile>
    <ClCompile Include="CTLib\CT_App_Lib.cpp">
      <Filter>Source Code</Filter>
    </ClCompile>
    <ClCompile Include="CTLib\exFilter.cpp">
      <Filter>Source Code</Filter>
    </ClCompile>
    <ClCompile Include="CTLib\SearchStart.cpp">
      <Filter>Source Code</Filter>
    </ClCompile>
    <ClCompile Include="CTLib\StatusCheck.cpp">
      <Filter>Source Code</Filter>
    </ClCompile>
    <ClCompile Include="CTLib\Threshold.cpp">
      <Filter>Source Code</Filter>
    </ClCompile>
    <ClCompile Include="CTLib\Tree.cpp">
      <Filter>Source Code</Filter>
    </ClCompile>
  </ItemGroup>
  <ItemGroup>
    <ClInclude Include="CTLib\Branch.h">
      <Filter>Header File</Filter>
    </ClInclude>
    <ClInclude Include="CTLib\CT.h">
      <Filter>Header File</Filter>
    </ClInclude>
    <ClInclude Include="CTLib\CT_App_Lib.h">
      <Filter>Header File</Filter>
    </ClInclude>
    <ClInclude Include="CTLib\CTLib.h">
      <Filter>Header File</Filter>
    </ClInclude>
    <ClInclude Include="CTLib\exFilter.h">
      <Filter>Header File</Filter>
    </ClInclude>
    <ClInclude Include="CTLib\SearchStart.h">
      <Filter>Header File</Filter>
    </ClInclude>
    <ClInclude Include="CTLib\StatusCheck.h">
      <Filter>Header File</Filter>
    </ClInclude>
    <ClInclude Include="CTLib\Threshold.h">
      <Filter>Header File</Filter>
    </ClInclude>
    <ClInclude Include="CTLib\Tree.h">
      <Filter>Header File</Filter>
    </ClInclude>
    <ClInclude Include="CTLib\CTRGNio.h">
      <Filter>Header File</Filter>
    </ClInclude>
  </ItemGroup>
  <ItemGroup>
    <Filter Include="Header File">
      <UniqueIdentifier>{092b416d-13f0-464e-b3d5-ea35ad77321e}</UniqueIdentifier>
    </Filter>
    <Filter Include="Source Code">
      <UniqueIdentifier>{0cea6f9e-17bc-425b-aa5b-1fd223a99043}</UniqueIdentifier>
    </Filter>
  </ItemGroup>
</Project>