
Microsoft Visual Studio Solution File, Format Version 12.00
# Visual Studio Version 17
VisualStudioVersion = 17.7.34031.279
MinimumVisualStudioVersion = 10.0.40219.1
Project("{8BC9CEB8-8B4A-11D0-8D11-00A0C91BC942}") = "CT_MFCLib", "CT_MFCLib_2022.vcxproj", "{35F7433F-DE99-4CC6-A54A-2A90F28E0FF7}"
EndProject
Global
	GlobalSection(SolutionConfigurationPlatforms) = preSolution
		Debug|x64 = Debug|x64
		Debug|x86 = Debug|x86
		Release|x64 = Release|x64
		Release|x86 = Release|x86
		Template|x64 = Template|x64
		Template|x86 = Template|x86
	EndGlobalSection
	GlobalSection(ProjectConfigurationPlatforms) = postSolution
		{35F7433F-DE99-4CC6-A54A-2A90F28E0FF7}.Debug|x64.ActiveCfg = Debug|x64
		{35F7433F-DE99-4CC6-A54A-2A90F28E0FF7}.Debug|x64.Build.0 = Debug|x64
		{35F7433F-DE99-4CC6-A54A-2A90F28E0FF7}.Debug|x86.ActiveCfg = Debug|Win32
		{35F7433F-DE99-4CC6-A54A-2A90F28E0FF7}.Debug|x86.Build.0 = Debug|Win32
		{35F7433F-DE99-4CC6-A54A-2A90F28E0FF7}.Release|x64.ActiveCfg = Release|x64
		{35F7433F-DE99-4CC6-A54A-2A90F28E0FF7}.Release|x64.Build.0 = Release|x64
		{35F7433F-DE99-4CC6-A54A-2A90F28E0FF7}.Release|x86.ActiveCfg = Release|Win32
		{35F7433F-DE99-4CC6-A54A-2A90F28E0FF7}.Release|x86.Build.0 = Release|Win32
		{35F7433F-DE99-4CC6-A54A-2A90F28E0FF7}.Template|x64.ActiveCfg = Template|x64
		{35F7433F-DE99-4CC6-A54A-2A90F28E0FF7}.Template|x64.Build.0 = Template|x64
		{35F7433F-DE99-4CC6-A54A-2A90F28E0FF7}.Template|x86.ActiveCfg = Template|Win32
		{35F7433F-DE99-4CC6-A54A-2A90F28E0FF7}.Template|x86.Build.0 = Template|Win32
	EndGlobalSection
	GlobalSection(SolutionProperties) = preSolution
		HideSolutionNode = FALSE
	EndGlobalSection
	GlobalSection(ExtensibilityGlobals) = postSolution
		SolutionGuid = {9E4509C4-E4A4-47FF-85DD-A5C7AFB606D4}
	EndGlobalSection
EndGlobal
