
Microsoft Visual Studio Solution File, Format Version 12.00
# Visual Studio Version 17
VisualStudioVersion = 17.7.34031.279
MinimumVisualStudioVersion = 10.0.40219.1
Project("{8BC9CEB8-8B4A-11D0-8D11-00A0C91BC942}") = "CTView", "CTView_2022.vcxproj", "{DD8729FC-300C-4DBD-9788-AC91C5221BF2}"
EndProject
Global
	GlobalSection(SolutionConfigurationPlatforms) = preSolution
		Debug|x64 = Debug|x64
		Debug|x86 = Debug|x86
		Release|x64 = Release|x64
		Release|x86 = Release|x86
		Template|x64 = Template|x64
		Template|x86 = Template|x86
	EndGlobalSection
	GlobalSection(ProjectConfigurationPlatforms) = postSolution
		{DD8729FC-300C-4DBD-9788-AC91C5221BF2}.Debug|x64.ActiveCfg = Debug|x64
		{DD8729FC-300C-4DBD-9788-AC91C5221BF2}.Debug|x64.Build.0 = Debug|x64
		{DD8729FC-300C-4DBD-9788-AC91C5221BF2}.Debug|x86.ActiveCfg = Debug|Win32
		{DD8729FC-300C-4DBD-9788-AC91C5221BF2}.Debug|x86.Build.0 = Debug|Win32
		{DD8729FC-300C-4DBD-9788-AC91C5221BF2}.Release|x64.ActiveCfg = Release|x64
		{DD8729FC-300C-4DBD-9788-AC91C5221BF2}.Release|x64.Build.0 = Release|x64
		{DD8729FC-300C-4DBD-9788-AC91C5221BF2}.Release|x86.ActiveCfg = Release|Win32
		{DD8729FC-300C-4DBD-9788-AC91C5221BF2}.Release|x86.Build.0 = Release|Win32
		{DD8729FC-300C-4DBD-9788-AC91C5221BF2}.Template|x64.ActiveCfg = Template|x64
		{DD8729FC-300C-4DBD-9788-AC91C5221BF2}.Template|x64.Build.0 = Template|x64
		{DD8729FC-300C-4DBD-9788-AC91C5221BF2}.Template|x86.ActiveCfg = Template|Win32
		{DD8729FC-300C-4DBD-9788-AC91C5221BF2}.Template|x86.Build.0 = Template|Win32
	EndGlobalSection
	GlobalSection(SolutionProperties) = preSolution
		HideSolutionNode = FALSE
	EndGlobalSection
	GlobalSection(ExtensibilityGlobals) = postSolution
		SolutionGuid = {D70D8A85-5224-48EE-ADE5-CB643C3FAA0B}
	EndGlobalSection
EndGlobal
